{
  "nodes": {
    "dedsec-grub-theme": {
      "inputs": {
        "nixpkgs": [
          "nixpkgs"
        ]
      },
      "locked": {
        "lastModified": 1662253348,
        "narHash": "sha256-Cq/espQSpscC89oIuJGE4IP2p6zYpuzp88L6M38uayA=",
        "owner": "VandalByte",
        "repo": "dedsec-grub-theme",
        "rev": "8ccb1beb831f459987522d58263b076827624119",
        "type": "gitlab"
      },
      "original": {
        "owner": "VandalByte",
        "repo": "dedsec-grub-theme",
        "type": "gitlab"
      }
    },
    "nixpkgs": {
      "locked": {
        "lastModified": 1708807242,
        "narHash": "sha256-sRTRkhMD4delO/hPxxi+XwLqPn8BuUq6nnj4JqLwOu0=",
        "owner": "NixOS",
        "repo": "nixpkgs",
        "rev": "73de017ef2d18a04ac4bfd0c02650007ccb31c2a",
        "type": "github"
      },
      "original": {
        "owner": "NixOS",
        "ref": "nixos-unstable",
        "repo": "nixpkgs",
        "type": "github"
      }
    },
    "root": {
      "inputs": {
        "dedsec-grub-theme": "dedsec-grub-theme",
        "nixpkgs": "nixpkgs"
      }
    }
  },
  "root": "root",
  "version": 7
}
